
Microsoft Visual Studio Solution File, Format Version 12.00
# Visual Studio Version 17
VisualStudioVersion = 17.7.34031.279
MinimumVisualStudioVersion = 10.0.40219.1
Project("{9A19103F-16F7-4668-BE54-9A1E7A4F7556}") = "DoTheMath", "DoTheMath\DoTheMath.csproj", "{B1358414-812F-4B06-8B49-22836D26DCDD}"
EndProject
Project("{9A19103F-16F7-4668-BE54-9A1E7A4F7556}") = "OddOrEven", "OddOrEven\OddOrEven.csproj", "{348549E4-459D-4E3E-877E-79E5F9FBBFFB}"
EndProject
Project("{FAE04EC0-301F-11D3-BF4B-00C04F79EFBC}") = "BottlesOfMilk", "BottlesOfMilk\BottlesOfMilk.csproj", "{7753C9E7-29E9-412D-A072-E560D0C969B8}"
EndProject
Project("{FAE04EC0-301F-11D3-BF4B-00C04F79EFBC}") = "BlastOff", "BlastOff\BlastOff.csproj", "{7916F067-2EB4-45FE-861B-9856F93DEF08}"
EndProject
Project("{FAE04EC0-301F-11D3-BF4B-00C04F79EFBC}") = "FrootLoops", "FrootLoops\FrootLoops.csproj", "{C6D41432-68CB-42AE-A6A3-9EEB45C10C77}"
EndProject
Project("{FAE04EC0-301F-11D3-BF4B-00C04F79EFBC}") = "FlippingOut", "FlippingOut\FlippingOut.csproj", "{A3266F7D-72E1-49DA-B172-569AF6C3AB45}"
EndProject
Project("{FAE04EC0-301F-11D3-BF4B-00C04F79EFBC}") = "TrickOrTreatConsole", "TrickOrTreatConsole\TrickOrTreatConsole.csproj", "{699C4F62-A1BF-4AC4-8CC0-903E7C556CE8}"
EndProject
Global
	GlobalSection(SolutionConfigurationPlatforms) = preSolution
		Debug|Any CPU = Debug|Any CPU
		Release|Any CPU = Release|Any CPU
	EndGlobalSection
	GlobalSection(ProjectConfigurationPlatforms) = postSolution
		{B1358414-812F-4B06-8B49-22836D26DCDD}.Debug|Any CPU.ActiveCfg = Debug|Any CPU
		{B1358414-812F-4B06-8B49-22836D26DCDD}.Debug|Any CPU.Build.0 = Debug|Any CPU
		{B1358414-812F-4B06-8B49-22836D26DCDD}.Release|Any CPU.ActiveCfg = Release|Any CPU
		{B1358414-812F-4B06-8B49-22836D26DCDD}.Release|Any CPU.Build.0 = Release|Any CPU
		{348549E4-459D-4E3E-877E-79E5F9FBBFFB}.Debug|Any CPU.ActiveCfg = Debug|Any CPU
		{348549E4-459D-4E3E-877E-79E5F9FBBFFB}.Debug|Any CPU.Build.0 = Debug|Any CPU
		{348549E4-459D-4E3E-877E-79E5F9FBBFFB}.Release|Any CPU.ActiveCfg = Release|Any CPU
		{348549E4-459D-4E3E-877E-79E5F9FBBFFB}.Release|Any CPU.Build.0 = Release|Any CPU
		{7753C9E7-29E9-412D-A072-E560D0C969B8}.Debug|Any CPU.ActiveCfg = Debug|Any CPU
		{7753C9E7-29E9-412D-A072-E560D0C969B8}.Debug|Any CPU.Build.0 = Debug|Any CPU
		{7753C9E7-29E9-412D-A072-E560D0C969B8}.Release|Any CPU.ActiveCfg = Release|Any CPU
		{7753C9E7-29E9-412D-A072-E560D0C969B8}.Release|Any CPU.Build.0 = Release|Any CPU
		{7916F067-2EB4-45FE-861B-9856F93DEF08}.Debug|Any CPU.ActiveCfg = Debug|Any CPU
		{7916F067-2EB4-45FE-861B-9856F93DEF08}.Debug|Any CPU.Build.0 = Debug|Any CPU
		{7916F067-2EB4-45FE-861B-9856F93DEF08}.Release|Any CPU.ActiveCfg = Release|Any CPU
		{7916F067-2EB4-45FE-861B-9856F93DEF08}.Release|Any CPU.Build.0 = Release|Any CPU
		{C6D41432-68CB-42AE-A6A3-9EEB45C10C77}.Debug|Any CPU.ActiveCfg = Debug|Any CPU
		{C6D41432-68CB-42AE-A6A3-9EEB45C10C77}.Debug|Any CPU.Build.0 = Debug|Any CPU
		{C6D41432-68CB-42AE-A6A3-9EEB45C10C77}.Release|Any CPU.ActiveCfg = Release|Any CPU
		{C6D41432-68CB-42AE-A6A3-9EEB45C10C77}.Release|Any CPU.Build.0 = Release|Any CPU
		{A3266F7D-72E1-49DA-B172-569AF6C3AB45}.Debug|Any CPU.ActiveCfg = Debug|Any CPU
		{A3266F7D-72E1-49DA-B172-569AF6C3AB45}.Debug|Any CPU.Build.0 = Debug|Any CPU
		{A3266F7D-72E1-49DA-B172-569AF6C3AB45}.Release|Any CPU.ActiveCfg = Release|Any CPU
		{A3266F7D-72E1-49DA-B172-569AF6C3AB45}.Release|Any CPU.Build.0 = Release|Any CPU
		{699C4F62-A1BF-4AC4-8CC0-903E7C556CE8}.Debug|Any CPU.ActiveCfg = Debug|Any CPU
		{699C4F62-A1BF-4AC4-8CC0-903E7C556CE8}.Debug|Any CPU.Build.0 = Debug|Any CPU
		{699C4F62-A1BF-4AC4-8CC0-903E7C556CE8}.Release|Any CPU.ActiveCfg = Release|Any CPU
		{699C4F62-A1BF-4AC4-8CC0-903E7C556CE8}.Release|Any CPU.Build.0 = Release|Any CPU
	EndGlobalSection
	GlobalSection(SolutionProperties) = preSolution
		HideSolutionNode = FALSE
	EndGlobalSection
	GlobalSection(ExtensibilityGlobals) = postSolution
		SolutionGuid = {2A5C89C0-BB02-4F4A-82F6-ACBDC30BD337}
	EndGlobalSection
EndGlobal
